
Microsoft Visual Studio Solution File, Format Version 12.00
# Visual Studio Version 17
VisualStudioVersion = 17.0.31903.59
MinimumVisualStudioVersion = 10.0.40219.1
Project("{2150E333-8FDC-42A3-9474-1A3956D46DE8}") = "src", "src", "{827E0CD3-B72D-47B6-A68D-7590B98EB39B}"
EndProject
Project("{FAE04EC0-301F-11D3-BF4B-00C04F79EFBC}") = "MiniMockito", "src\MiniMockito\MiniMockito.csproj", "{2FC05005-F86D-4979-B45B-2FC2DA94751C}"
EndProject
Project("{FAE04EC0-301F-11D3-BF4B-00C04F79EFBC}") = "MiniMockito.Shims.Experimental", "src\MiniMockito.Shims.Experimental\MiniMockito.Shims.Experimental.csproj", "{9A0A4046-72DF-4AEC-A327-075E5C0A44AD}"
EndProject
Project("{2150E333-8FDC-42A3-9474-1A3956D46DE8}") = "tests", "tests", "{0AB3BF05-4346-4AA6-1389-037BE0695223}"
EndProject
Project("{FAE04EC0-301F-11D3-BF4B-00C04F79EFBC}") = "MiniMockito.Tests", "tests\MiniMockito.Tests\MiniMockito.Tests.csproj", "{571DA0B8-6569-47AE-BB11-5D428D72C2D6}"
EndProject
Project("{FAE04EC0-301F-11D3-BF4B-00C04F79EFBC}") = "MiniMockito.Shims.Experimental.Tests", "tests\MiniMockito.Shims.Experimental.Tests\MiniMockito.Shims.Experimental.Tests.csproj", "{6B0AB4B4-06F5-4EDB-8FD7-D6F9C9BE01E4}"
EndProject
Project("{FAE04EC0-301F-11D3-BF4B-00C04F79EFBC}") = "MiniMockito.Shims.Experimental.Sample", "tests\MiniMockito.Shims.Experimental.Sample\MiniMockito.Shims.Experimental.Sample.csproj", "{D01BE67B-20C2-4AD8-8324-49F342034348}"
EndProject
Project("{FAE04EC0-301F-11D3-BF4B-00C04F79EFBC}") = "MiniMockito.Shims.Experimental.Net48Tests", "tests\MiniMockito.Shims.Experimental.Net48Tests\MiniMockito.Shims.Experimental.Net48Tests.csproj", "{B3F29E41-7A1C-4B89-9D02-56E8A1234567}"
EndProject
Project("{2150E333-8FDC-42A3-9474-1A3956D46DE8}") = "samples", "samples", "{5D20AA90-6969-D8BD-9DCD-8634F4692FDA}"
EndProject
Project("{FAE04EC0-301F-11D3-BF4B-00C04F79EFBC}") = "MiniMockito.Sample", "samples\MiniMockito.Sample\MiniMockito.Sample.csproj", "{AC678B3D-363C-4F89-AD04-4B89DB80CB32}"
EndProject
Project("{FAE04EC0-301F-11D3-BF4B-00C04F79EFBC}") = "MiniMockito.Sample.MSTest", "samples\MiniMockito.Sample.MSTest\MiniMockito.Sample.MSTest.csproj", "{75BA4BD7-0E41-4EBF-93E1-EF08546850D2}"
EndProject
Project("{FAE04EC0-301F-11D3-BF4B-00C04F79EFBC}") = "MiniMockito.Net48X86Tests", "tests\MiniMockito.Net48X86Tests\MiniMockito.Net48X86Tests.csproj", "{91BD45A0-6691-4167-90EC-024B1D28EA3C}"
EndProject
Project("{FAE04EC0-301F-11D3-BF4B-00C04F79EFBC}") = "MiniMockito.Shims.Experimental.ExternalLib", "tests\MiniMockito.Shims.Experimental.ExternalLib\MiniMockito.Shims.Experimental.ExternalLib.csproj", "{CEC3413B-EC0C-41A5-8079-6FE96A42B9B7}"
EndProject
Project("{FAE04EC0-301F-11D3-BF4B-00C04F79EFBC}") = "MiniMockito.Shims.Experimental.CrossAssemblySample", "tests\MiniMockito.Shims.Experimental.CrossAssemblySample\MiniMockito.Shims.Experimental.CrossAssemblySample.csproj", "{9D9D5052-0EA5-463E-B605-438C0CE26AC1}"
EndProject
Global
	GlobalSection(SolutionConfigurationPlatforms) = preSolution
		Debug|Any CPU = Debug|Any CPU
		Debug|x64 = Debug|x64
		Debug|x86 = Debug|x86
		Release|Any CPU = Release|Any CPU
		Release|x64 = Release|x64
		Release|x86 = Release|x86
	EndGlobalSection
	GlobalSection(ProjectConfigurationPlatforms) = postSolution
		{2FC05005-F86D-4979-B45B-2FC2DA94751C}.Debug|Any CPU.ActiveCfg = Debug|Any CPU
		{2FC05005-F86D-4979-B45B-2FC2DA94751C}.Debug|Any CPU.Build.0 = Debug|Any CPU
		{2FC05005-F86D-4979-B45B-2FC2DA94751C}.Debug|x64.ActiveCfg = Debug|Any CPU
		{2FC05005-F86D-4979-B45B-2FC2DA94751C}.Debug|x64.Build.0 = Debug|Any CPU
		{2FC05005-F86D-4979-B45B-2FC2DA94751C}.Debug|x86.ActiveCfg = Debug|Any CPU
		{2FC05005-F86D-4979-B45B-2FC2DA94751C}.Debug|x86.Build.0 = Debug|Any CPU
		{2FC05005-F86D-4979-B45B-2FC2DA94751C}.Release|Any CPU.ActiveCfg = Release|Any CPU
		{2FC05005-F86D-4979-B45B-2FC2DA94751C}.Release|Any CPU.Build.0 = Release|Any CPU
		{2FC05005-F86D-4979-B45B-2FC2DA94751C}.Release|x64.ActiveCfg = Release|Any CPU
		{2FC05005-F86D-4979-B45B-2FC2DA94751C}.Release|x64.Build.0 = Release|Any CPU
		{2FC05005-F86D-4979-B45B-2FC2DA94751C}.Release|x86.ActiveCfg = Release|Any CPU
		{2FC05005-F86D-4979-B45B-2FC2DA94751C}.Release|x86.Build.0 = Release|Any CPU
		{9A0A4046-72DF-4AEC-A327-075E5C0A44AD}.Debug|Any CPU.ActiveCfg = Debug|Any CPU
		{9A0A4046-72DF-4AEC-A327-075E5C0A44AD}.Debug|Any CPU.Build.0 = Debug|Any CPU
		{9A0A4046-72DF-4AEC-A327-075E5C0A44AD}.Debug|x64.ActiveCfg = Debug|Any CPU
		{9A0A4046-72DF-4AEC-A327-075E5C0A44AD}.Debug|x64.Build.0 = Debug|Any CPU
		{9A0A4046-72DF-4AEC-A327-075E5C0A44AD}.Debug|x86.ActiveCfg = Debug|Any CPU
		{9A0A4046-72DF-4AEC-A327-075E5C0A44AD}.Debug|x86.Build.0 = Debug|Any CPU
		{9A0A4046-72DF-4AEC-A327-075E5C0A44AD}.Release|Any CPU.ActiveCfg = Release|Any CPU
		{9A0A4046-72DF-4AEC-A327-075E5C0A44AD}.Release|Any CPU.Build.0 = Release|Any CPU
		{9A0A4046-72DF-4AEC-A327-075E5C0A44AD}.Release|x64.ActiveCfg = Release|Any CPU
		{9A0A4046-72DF-4AEC-A327-075E5C0A44AD}.Release|x64.Build.0 = Release|Any CPU
		{9A0A4046-72DF-4AEC-A327-075E5C0A44AD}.Release|x86.ActiveCfg = Release|Any CPU
		{9A0A4046-72DF-4AEC-A327-075E5C0A44AD}.Release|x86.Build.0 = Release|Any CPU
		{571DA0B8-6569-47AE-BB11-5D428D72C2D6}.Debug|Any CPU.ActiveCfg = Debug|Any CPU
		{571DA0B8-6569-47AE-BB11-5D428D72C2D6}.Debug|Any CPU.Build.0 = Debug|Any CPU
		{571DA0B8-6569-47AE-BB11-5D428D72C2D6}.Debug|x64.ActiveCfg = Debug|Any CPU
		{571DA0B8-6569-47AE-BB11-5D428D72C2D6}.Debug|x64.Build.0 = Debug|Any CPU
		{571DA0B8-6569-47AE-BB11-5D428D72C2D6}.Debug|x86.ActiveCfg = Debug|Any CPU
		{571DA0B8-6569-47AE-BB11-5D428D72C2D6}.Debug|x86.Build.0 = Debug|Any CPU
		{571DA0B8-6569-47AE-BB11-5D428D72C2D6}.Release|Any CPU.ActiveCfg = Release|Any CPU
		{571DA0B8-6569-47AE-BB11-5D428D72C2D6}.Release|Any CPU.Build.0 = Release|Any CPU
		{571DA0B8-6569-47AE-BB11-5D428D72C2D6}.Release|x64.ActiveCfg = Release|Any CPU
		{571DA0B8-6569-47AE-BB11-5D428D72C2D6}.Release|x64.Build.0 = Release|Any CPU
		{571DA0B8-6569-47AE-BB11-5D428D72C2D6}.Release|x86.ActiveCfg = Release|Any CPU
		{571DA0B8-6569-47AE-BB11-5D428D72C2D6}.Release|x86.Build.0 = Release|Any CPU
		{6B0AB4B4-06F5-4EDB-8FD7-D6F9C9BE01E4}.Debug|Any CPU.ActiveCfg = Debug|Any CPU
		{6B0AB4B4-06F5-4EDB-8FD7-D6F9C9BE01E4}.Debug|Any CPU.Build.0 = Debug|Any CPU
		{6B0AB4B4-06F5-4EDB-8FD7-D6F9C9BE01E4}.Debug|x64.ActiveCfg = Debug|Any CPU
		{6B0AB4B4-06F5-4EDB-8FD7-D6F9C9BE01E4}.Debug|x64.Build.0 = Debug|Any CPU
		{6B0AB4B4-06F5-4EDB-8FD7-D6F9C9BE01E4}.Debug|x86.ActiveCfg = Debug|Any CPU
		{6B0AB4B4-06F5-4EDB-8FD7-D6F9C9BE01E4}.Debug|x86.Build.0 = Debug|Any CPU
		{6B0AB4B4-06F5-4EDB-8FD7-D6F9C9BE01E4}.Release|Any CPU.ActiveCfg = Release|Any CPU
		{6B0AB4B4-06F5-4EDB-8FD7-D6F9C9BE01E4}.Release|Any CPU.Build.0 = Release|Any CPU
		{6B0AB4B4-06F5-4EDB-8FD7-D6F9C9BE01E4}.Release|x64.ActiveCfg = Release|Any CPU
		{6B0AB4B4-06F5-4EDB-8FD7-D6F9C9BE01E4}.Release|x64.Build.0 = Release|Any CPU
		{6B0AB4B4-06F5-4EDB-8FD7-D6F9C9BE01E4}.Release|x86.ActiveCfg = Release|Any CPU
		{6B0AB4B4-06F5-4EDB-8FD7-D6F9C9BE01E4}.Release|x86.Build.0 = Release|Any CPU
		{D01BE67B-20C2-4AD8-8324-49F342034348}.Debug|Any CPU.ActiveCfg = Debug|Any CPU
		{D01BE67B-20C2-4AD8-8324-49F342034348}.Debug|Any CPU.Build.0 = Debug|Any CPU
		{D01BE67B-20C2-4AD8-8324-49F342034348}.Debug|x64.ActiveCfg = Debug|Any CPU
		{D01BE67B-20C2-4AD8-8324-49F342034348}.Debug|x64.Build.0 = Debug|Any CPU
		{D01BE67B-20C2-4AD8-8324-49F342034348}.Debug|x86.ActiveCfg = Debug|Any CPU
		{D01BE67B-20C2-4AD8-8324-49F342034348}.Debug|x86.Build.0 = Debug|Any CPU
		{D01BE67B-20C2-4AD8-8324-49F342034348}.Release|Any CPU.ActiveCfg = Release|Any CPU
		{D01BE67B-20C2-4AD8-8324-49F342034348}.Release|Any CPU.Build.0 = Release|Any CPU
		{D01BE67B-20C2-4AD8-8324-49F342034348}.Release|x64.ActiveCfg = Release|Any CPU
		{D01BE67B-20C2-4AD8-8324-49F342034348}.Release|x64.Build.0 = Release|Any CPU
		{D01BE67B-20C2-4AD8-8324-49F342034348}.Release|x86.ActiveCfg = Release|Any CPU
		{D01BE67B-20C2-4AD8-8324-49F342034348}.Release|x86.Build.0 = Release|Any CPU
		{B3F29E41-7A1C-4B89-9D02-56E8A1234567}.Debug|Any CPU.ActiveCfg = Debug|Any CPU
		{B3F29E41-7A1C-4B89-9D02-56E8A1234567}.Debug|Any CPU.Build.0 = Debug|Any CPU
		{B3F29E41-7A1C-4B89-9D02-56E8A1234567}.Debug|x64.ActiveCfg = Debug|Any CPU
		{B3F29E41-7A1C-4B89-9D02-56E8A1234567}.Debug|x64.Build.0 = Debug|Any CPU
		{B3F29E41-7A1C-4B89-9D02-56E8A1234567}.Debug|x86.ActiveCfg = Debug|Any CPU
		{B3F29E41-7A1C-4B89-9D02-56E8A1234567}.Debug|x86.Build.0 = Debug|Any CPU
		{B3F29E41-7A1C-4B89-9D02-56E8A1234567}.Release|Any CPU.ActiveCfg = Release|Any CPU
		{B3F29E41-7A1C-4B89-9D02-56E8A1234567}.Release|Any CPU.Build.0 = Release|Any CPU
		{B3F29E41-7A1C-4B89-9D02-56E8A1234567}.Release|x64.ActiveCfg = Release|Any CPU
		{B3F29E41-7A1C-4B89-9D02-56E8A1234567}.Release|x64.Build.0 = Release|Any CPU
		{B3F29E41-7A1C-4B89-9D02-56E8A1234567}.Release|x86.ActiveCfg = Release|Any CPU
		{B3F29E41-7A1C-4B89-9D02-56E8A1234567}.Release|x86.Build.0 = Release|Any CPU
		{AC678B3D-363C-4F89-AD04-4B89DB80CB32}.Debug|Any CPU.ActiveCfg = Debug|Any CPU
		{AC678B3D-363C-4F89-AD04-4B89DB80CB32}.Debug|Any CPU.Build.0 = Debug|Any CPU
		{AC678B3D-363C-4F89-AD04-4B89DB80CB32}.Debug|x64.ActiveCfg = Debug|Any CPU
		{AC678B3D-363C-4F89-AD04-4B89DB80CB32}.Debug|x64.Build.0 = Debug|Any CPU
		{AC678B3D-363C-4F89-AD04-4B89DB80CB32}.Debug|x86.ActiveCfg = Debug|Any CPU
		{AC678B3D-363C-4F89-AD04-4B89DB80CB32}.Debug|x86.Build.0 = Debug|Any CPU
		{AC678B3D-363C-4F89-AD04-4B89DB80CB32}.Release|Any CPU.ActiveCfg = Release|Any CPU
		{AC678B3D-363C-4F89-AD04-4B89DB80CB32}.Release|Any CPU.Build.0 = Release|Any CPU
		{AC678B3D-363C-4F89-AD04-4B89DB80CB32}.Release|x64.ActiveCfg = Release|Any CPU
		{AC678B3D-363C-4F89-AD04-4B89DB80CB32}.Release|x64.Build.0 = Release|Any CPU
		{AC678B3D-363C-4F89-AD04-4B89DB80CB32}.Release|x86.ActiveCfg = Release|Any CPU
		{AC678B3D-363C-4F89-AD04-4B89DB80CB32}.Release|x86.Build.0 = Release|Any CPU
		{75BA4BD7-0E41-4EBF-93E1-EF08546850D2}.Debug|Any CPU.ActiveCfg = Debug|Any CPU
		{75BA4BD7-0E41-4EBF-93E1-EF08546850D2}.Debug|Any CPU.Build.0 = Debug|Any CPU
		{75BA4BD7-0E41-4EBF-93E1-EF08546850D2}.Debug|x64.ActiveCfg = Debug|Any CPU
		{75BA4BD7-0E41-4EBF-93E1-EF08546850D2}.Debug|x64.Build.0 = Debug|Any CPU
		{75BA4BD7-0E41-4EBF-93E1-EF08546850D2}.Debug|x86.ActiveCfg = Debug|Any CPU
		{75BA4BD7-0E41-4EBF-93E1-EF08546850D2}.Debug|x86.Build.0 = Debug|Any CPU
		{75BA4BD7-0E41-4EBF-93E1-EF08546850D2}.Release|Any CPU.ActiveCfg = Release|Any CPU
		{75BA4BD7-0E41-4EBF-93E1-EF08546850D2}.Release|Any CPU.Build.0 = Release|Any CPU
		{75BA4BD7-0E41-4EBF-93E1-EF08546850D2}.Release|x64.ActiveCfg = Release|Any CPU
		{75BA4BD7-0E41-4EBF-93E1-EF08546850D2}.Release|x64.Build.0 = Release|Any CPU
		{75BA4BD7-0E41-4EBF-93E1-EF08546850D2}.Release|x86.ActiveCfg = Release|Any CPU
		{75BA4BD7-0E41-4EBF-93E1-EF08546850D2}.Release|x86.Build.0 = Release|Any CPU
		{91BD45A0-6691-4167-90EC-024B1D28EA3C}.Debug|Any CPU.ActiveCfg = Debug|Any CPU
		{91BD45A0-6691-4167-90EC-024B1D28EA3C}.Debug|Any CPU.Build.0 = Debug|Any CPU
		{91BD45A0-6691-4167-90EC-024B1D28EA3C}.Debug|x64.ActiveCfg = Debug|Any CPU
		{91BD45A0-6691-4167-90EC-024B1D28EA3C}.Debug|x64.Build.0 = Debug|Any CPU
		{91BD45A0-6691-4167-90EC-024B1D28EA3C}.Debug|x86.ActiveCfg = Debug|Any CPU
		{91BD45A0-6691-4167-90EC-024B1D28EA3C}.Debug|x86.Build.0 = Debug|Any CPU
		{91BD45A0-6691-4167-90EC-024B1D28EA3C}.Release|Any CPU.ActiveCfg = Release|Any CPU
		{91BD45A0-6691-4167-90EC-024B1D28EA3C}.Release|Any CPU.Build.0 = Release|Any CPU
		{91BD45A0-6691-4167-90EC-024B1D28EA3C}.Release|x64.ActiveCfg = Release|Any CPU
		{91BD45A0-6691-4167-90EC-024B1D28EA3C}.Release|x64.Build.0 = Release|Any CPU
		{91BD45A0-6691-4167-90EC-024B1D28EA3C}.Release|x86.ActiveCfg = Release|Any CPU
		{91BD45A0-6691-4167-90EC-024B1D28EA3C}.Release|x86.Build.0 = Release|Any CPU
		{CEC3413B-EC0C-41A5-8079-6FE96A42B9B7}.Debug|Any CPU.ActiveCfg = Debug|Any CPU
		{CEC3413B-EC0C-41A5-8079-6FE96A42B9B7}.Debug|Any CPU.Build.0 = Debug|Any CPU
		{CEC3413B-EC0C-41A5-8079-6FE96A42B9B7}.Debug|x64.ActiveCfg = Debug|Any CPU
		{CEC3413B-EC0C-41A5-8079-6FE96A42B9B7}.Debug|x64.Build.0 = Debug|Any CPU
		{CEC3413B-EC0C-41A5-8079-6FE96A42B9B7}.Debug|x86.ActiveCfg = Debug|Any CPU
		{CEC3413B-EC0C-41A5-8079-6FE96A42B9B7}.Debug|x86.Build.0 = Debug|Any CPU
		{CEC3413B-EC0C-41A5-8079-6FE96A42B9B7}.Release|Any CPU.ActiveCfg = Release|Any CPU
		{CEC3413B-EC0C-41A5-8079-6FE96A42B9B7}.Release|Any CPU.Build.0 = Release|Any CPU
		{CEC3413B-EC0C-41A5-8079-6FE96A42B9B7}.Release|x64.ActiveCfg = Release|Any CPU
		{CEC3413B-EC0C-41A5-8079-6FE96A42B9B7}.Release|x64.Build.0 = Release|Any CPU
		{CEC3413B-EC0C-41A5-8079-6FE96A42B9B7}.Release|x86.ActiveCfg = Release|Any CPU
		{CEC3413B-EC0C-41A5-8079-6FE96A42B9B7}.Release|x86.Build.0 = Release|Any CPU
		{9D9D5052-0EA5-463E-B605-438C0CE26AC1}.Debug|Any CPU.ActiveCfg = Debug|Any CPU
		{9D9D5052-0EA5-463E-B605-438C0CE26AC1}.Debug|Any CPU.Build.0 = Debug|Any CPU
		{9D9D5052-0EA5-463E-B605-438C0CE26AC1}.Debug|x64.ActiveCfg = Debug|Any CPU
		{9D9D5052-0EA5-463E-B605-438C0CE26AC1}.Debug|x64.Build.0 = Debug|Any CPU
		{9D9D5052-0EA5-463E-B605-438C0CE26AC1}.Debug|x86.ActiveCfg = Debug|Any CPU
		{9D9D5052-0EA5-463E-B605-438C0CE26AC1}.Debug|x86.Build.0 = Debug|Any CPU
		{9D9D5052-0EA5-463E-B605-438C0CE26AC1}.Release|Any CPU.ActiveCfg = Release|Any CPU
		{9D9D5052-0EA5-463E-B605-438C0CE26AC1}.Release|Any CPU.Build.0 = Release|Any CPU
		{9D9D5052-0EA5-463E-B605-438C0CE26AC1}.Release|x64.ActiveCfg = Release|Any CPU
		{9D9D5052-0EA5-463E-B605-438C0CE26AC1}.Release|x64.Build.0 = Release|Any CPU
		{9D9D5052-0EA5-463E-B605-438C0CE26AC1}.Release|x86.ActiveCfg = Release|Any CPU
		{9D9D5052-0EA5-463E-B605-438C0CE26AC1}.Release|x86.Build.0 = Release|Any CPU
	EndGlobalSection
	GlobalSection(SolutionProperties) = preSolution
		HideSolutionNode = FALSE
	EndGlobalSection
	GlobalSection(NestedProjects) = preSolution
		{2FC05005-F86D-4979-B45B-2FC2DA94751C} = {827E0CD3-B72D-47B6-A68D-7590B98EB39B}
		{9A0A4046-72DF-4AEC-A327-075E5C0A44AD} = {827E0CD3-B72D-47B6-A68D-7590B98EB39B}
		{571DA0B8-6569-47AE-BB11-5D428D72C2D6} = {0AB3BF05-4346-4AA6-1389-037BE0695223}
		{6B0AB4B4-06F5-4EDB-8FD7-D6F9C9BE01E4} = {0AB3BF05-4346-4AA6-1389-037BE0695223}
		{D01BE67B-20C2-4AD8-8324-49F342034348} = {0AB3BF05-4346-4AA6-1389-037BE0695223}
		{B3F29E41-7A1C-4B89-9D02-56E8A1234567} = {0AB3BF05-4346-4AA6-1389-037BE0695223}
		{AC678B3D-363C-4F89-AD04-4B89DB80CB32} = {5D20AA90-6969-D8BD-9DCD-8634F4692FDA}
		{75BA4BD7-0E41-4EBF-93E1-EF08546850D2} = {5D20AA90-6969-D8BD-9DCD-8634F4692FDA}
		{91BD45A0-6691-4167-90EC-024B1D28EA3C} = {0AB3BF05-4346-4AA6-1389-037BE0695223}
		{CEC3413B-EC0C-41A5-8079-6FE96A42B9B7} = {0AB3BF05-4346-4AA6-1389-037BE0695223}
		{9D9D5052-0EA5-463E-B605-438C0CE26AC1} = {0AB3BF05-4346-4AA6-1389-037BE0695223}
	EndGlobalSection
EndGlobal
